# THIS IS AN AUTOGENERATED FILE. DO NOT EDIT THIS FILE DIRECTLY.
# yarn lockfile v1


app-root-path@^2.0.1:
  version "2.0.1"
  resolved "https://registry.yarnpkg.com/app-root-path/-/app-root-path-2.0.1.tgz#cd62dcf8e4fd5a417efc664d2e5b10653c651b46"

bluebird@^2.10.2:
  version "2.11.0"
  resolved "https://registry.yarnpkg.com/bluebird/-/bluebird-2.11.0.tgz#534b9033c022c9579c56ba3b3e5a5caafbb650e1"

cors@^2.8.3:
  version "2.8.3"
  resolved "https://registry.yarnpkg.com/cors/-/cors-2.8.3.tgz#4cf78e1d23329a7496b2fc2225b77ca5bb5eb802"
  dependencies:
    object-assign "^4"
    vary "^1"

lodash.isplainobject@^4.0.6:
  version "4.0.6"
  resolved "https://registry.yarnpkg.com/lodash.isplainobject/-/lodash.isplainobject-4.0.6.tgz#7c526a52d89b45c45cc690b88163be0497f550cb"

object-assign@^4, object-assign@^4.1.0:
  version "4.1.1"
  resolved "https://registry.yarnpkg.com/object-assign/-/object-assign-4.1.1.tgz#2109adc7965887cfc05cbbd442cac8bfbb360863"

qs@~6.0.4:
  version "6.0.4"
  resolved "https://registry.yarnpkg.com/qs/-/qs-6.0.4.tgz#51019d84720c939b82737e84556a782338ecea7b"

stripe@^4.19.0:
  version "4.19.0"
  resolved "https://registry.yarnpkg.com/stripe/-/stripe-4.19.0.tgz#11e496c0f2600487911ac641aefff7f6acfd2ea6"
  dependencies:
    bluebird "^2.10.2"
    lodash.isplainobject "^4.0.6"
    object-assign "^4.1.0"
    qs "~6.0.4"

vary@^1:
  version "1.1.1"
  resolved "https://registry.yarnpkg.com/vary/-/vary-1.1.1.tgz#67535ebb694c1d52257457984665323f587e8d37"
